# This file is automatically @generated by Cargo.
# It is not intended for manual editing.
version = 3

[[package]]
name = "test-lib"
version = "0.1.0"
source = "git+ssh://git@github.com/hornadam8/test-rust-private-dep.git#cafceba6629aa93f48aa0b3147da450d6261090c"

[[package]]
name = "use_priv_dep"
version = "0.1.0"
dependencies = [
 "test-lib",
]
